
Microsoft Visual Studio Solution File, Format Version 12.00
# Visual Studio Version 17
VisualStudioVersion = 17.5.33424.131
MinimumVisualStudioVersion = 10.0.40219.1
Project("{9A19103F-16F7-4668-BE54-9A1E7A4F7556}") = "ASP.dotnet", "ASP.dotnet\ASP.dotnet.csproj", "{90C94BAB-9117-44E0-8A1C-6D665E2B4A0C}"
EndProject
Project("{9A19103F-16F7-4668-BE54-9A1E7A4F7556}") = "Laboratorium_2", "Laboratorium_2\Laboratorium_2.csproj", "{EEF7C3F5-4F0E-4D65-BA0D-2F4CEEC5C9EE}"
EndProject
Project("{9A19103F-16F7-4668-BE54-9A1E7A4F7556}") = "Laboratorium_3", "Laboratorium_3\Laboratorium_3.csproj", "{98021936-BE02-4D2C-BE18-4EA06DD64FF0}"
EndProject
Project("{9A19103F-16F7-4668-BE54-9A1E7A4F7556}") = "Data", "Data\Data.csproj", "{E0B1ED51-F581-4BB8-903B-9A1F27E7216E}"
EndProject
Global
	GlobalSection(SolutionConfigurationPlatforms) = preSolution
		Debug|Any CPU = Debug|Any CPU
		Release|Any CPU = Release|Any CPU
	EndGlobalSection
	GlobalSection(ProjectConfigurationPlatforms) = postSolution
		{90C94BAB-9117-44E0-8A1C-6D665E2B4A0C}.Debug|Any CPU.ActiveCfg = Debug|Any CPU
		{90C94BAB-9117-44E0-8A1C-6D665E2B4A0C}.Debug|Any CPU.Build.0 = Debug|Any CPU
		{90C94BAB-9117-44E0-8A1C-6D665E2B4A0C}.Release|Any CPU.ActiveCfg = Release|Any CPU
		{90C94BAB-9117-44E0-8A1C-6D665E2B4A0C}.Release|Any CPU.Build.0 = Release|Any CPU
		{EEF7C3F5-4F0E-4D65-BA0D-2F4CEEC5C9EE}.Debug|Any CPU.ActiveCfg = Debug|Any CPU
		{EEF7C3F5-4F0E-4D65-BA0D-2F4CEEC5C9EE}.Debug|Any CPU.Build.0 = Debug|Any CPU
		{EEF7C3F5-4F0E-4D65-BA0D-2F4CEEC5C9EE}.Release|Any CPU.ActiveCfg = Release|Any CPU
		{EEF7C3F5-4F0E-4D65-BA0D-2F4CEEC5C9EE}.Release|Any CPU.Build.0 = Release|Any CPU
		{98021936-BE02-4D2C-BE18-4EA06DD64FF0}.Debug|Any CPU.ActiveCfg = Debug|Any CPU
		{98021936-BE02-4D2C-BE18-4EA06DD64FF0}.Debug|Any CPU.Build.0 = Debug|Any CPU
		{98021936-BE02-4D2C-BE18-4EA06DD64FF0}.Release|Any CPU.ActiveCfg = Release|Any CPU
		{98021936-BE02-4D2C-BE18-4EA06DD64FF0}.Release|Any CPU.Build.0 = Release|Any CPU
		{E0B1ED51-F581-4BB8-903B-9A1F27E7216E}.Debug|Any CPU.ActiveCfg = Debug|Any CPU
		{E0B1ED51-F581-4BB8-903B-9A1F27E7216E}.Debug|Any CPU.Build.0 = Debug|Any CPU
		{E0B1ED51-F581-4BB8-903B-9A1F27E7216E}.Release|Any CPU.ActiveCfg = Release|Any CPU
		{E0B1ED51-F581-4BB8-903B-9A1F27E7216E}.Release|Any CPU.Build.0 = Release|Any CPU
	EndGlobalSection
	GlobalSection(SolutionProperties) = preSolution
		HideSolutionNode = FALSE
	EndGlobalSection
	GlobalSection(ExtensibilityGlobals) = postSolution
		SolutionGuid = {E41927C3-3C55-4792-87B1-7895ACD87099}
	EndGlobalSection
EndGlobal
